// !$*UTF8*$!
{
	archiveVersion = 1;
	classes = {
	};
	objectVersion = 56;
	objects = {

/* Begin PBXBuildFile section */
		A1000500 /* TranscriptUtils.swift in Sources */ = {isa = PBXBuildFile; fileRef = A1000501 /* TranscriptUtils.swift */; };
		A1001011 /* StatsDatabase.swift in Sources */ = {isa = PBXBuildFile; fileRef = A1001001 /* StatsDatabase.swift */; };
		A1001012 /* StatsService.swift in Sources */ = {isa = PBXBuildFile; fileRef = A1001002 /* StatsService.swift */; };
		A1001013 /* TranscriptScanner.swift in Sources */ = {isa = PBXBuildFile; fileRef = A1001003 /* TranscriptScanner.swift */; };
		A1001020 /* TranscriptStore.swift in Sources */ = {isa = PBXBuildFile; fileRef = A1001021 /* TranscriptStore.swift */; };
		A1001022 /* TranscriptTrayView.swift in Sources */ = {isa = PBXBuildFile; fileRef = A1001023 /* TranscriptTrayView.swift */; };
		A1001024 /* TranscriptDetailView.swift in Sources */ = {isa = PBXBuildFile; fileRef = A1001025 /* TranscriptDetailView.swift */; };
		A1001111 /* SettingsNavigationState.swift in Sources */ = {isa = PBXBuildFile; fileRef = A1001110 /* SettingsNavigationState.swift */; };
		A1001121 /* SettingsWindowController.swift in Sources */ = {isa = PBXBuildFile; fileRef = A1001120 /* SettingsWindowController.swift */; };
		A1001123 /* SettingsContainerView.swift in Sources */ = {isa = PBXBuildFile; fileRef = A1001122 /* SettingsContainerView.swift */; };
		A1001125 /* SettingsSidebarView.swift in Sources */ = {isa = PBXBuildFile; fileRef = A1001124 /* SettingsSidebarView.swift */; };
		A1001147 /* SettingsSectionCard.swift in Sources */ = {isa = PBXBuildFile; fileRef = A1001146 /* SettingsSectionCard.swift */; };
		A1000001 /* TranscriptedApp.swift in Sources */ = {isa = PBXBuildFile; fileRef = A1000002 /* TranscriptedApp.swift */; };
		A1000003 /* Transcription.swift in Sources */ = {isa = PBXBuildFile; fileRef = A1000004 /* Transcription.swift */; };
		A1000005 /* Audio.swift in Sources */ = {isa = PBXBuildFile; fileRef = A1000006 /* Audio.swift */; };
		A1000013 /* Clipboard.swift in Sources */ = {isa = PBXBuildFile; fileRef = A1000014 /* Clipboard.swift */; };
		A1000015 /* Assets.xcassets in Resources */ = {isa = PBXBuildFile; fileRef = A1000016 /* Assets.xcassets */; };
		A1000040 /* CoreAudioUtils.swift in Sources */ = {isa = PBXBuildFile; fileRef = A1000041 /* CoreAudioUtils.swift */; };
		A1000044 /* SystemAudioCapture.swift in Sources */ = {isa = PBXBuildFile; fileRef = A1000045 /* SystemAudioCapture.swift */; };
		A1000048 /* TranscriptSaver.swift in Sources */ = {isa = PBXBuildFile; fileRef = A1000049 /* TranscriptSaver.swift */; };
		A1000050 /* TranscriptionTaskManager.swift in Sources */ = {isa = PBXBuildFile; fileRef = A1000051 /* TranscriptionTaskManager.swift */; };
		A1000052 /* RecordingValidator.swift in Sources */ = {isa = PBXBuildFile; fileRef = A1000053 /* RecordingValidator.swift */; };
		A1000054 /* FailedTranscription.swift in Sources */ = {isa = PBXBuildFile; fileRef = A1000055 /* FailedTranscription.swift */; };
		A1000056 /* FailedTranscriptionManager.swift in Sources */ = {isa = PBXBuildFile; fileRef = A1000057 /* FailedTranscriptionManager.swift */; };
		A1000058 /* FailedTranscriptionsView.swift in Sources */ = {isa = PBXBuildFile; fileRef = A1000059 /* FailedTranscriptionsView.swift */; };
		A1000100 /* OnboardingState.swift in Sources */ = {isa = PBXBuildFile; fileRef = A1000101 /* OnboardingState.swift */; };
		A1000102 /* OnboardingWindow.swift in Sources */ = {isa = PBXBuildFile; fileRef = A1000103 /* OnboardingWindow.swift */; };
		A1000104 /* OnboardingContainerView.swift in Sources */ = {isa = PBXBuildFile; fileRef = A1000105 /* OnboardingContainerView.swift */; };
		A1000106 /* WelcomeStep.swift in Sources */ = {isa = PBXBuildFile; fileRef = A1000107 /* WelcomeStep.swift */; };
		A1000110 /* HowItWorksStep.swift in Sources */ = {isa = PBXBuildFile; fileRef = A1000111 /* HowItWorksStep.swift */; };
		A1000112 /* PermissionsStep.swift in Sources */ = {isa = PBXBuildFile; fileRef = A1000113 /* PermissionsStep.swift */; };
		A1000116 /* ReadyStep.swift in Sources */ = {isa = PBXBuildFile; fileRef = A1000117 /* ReadyStep.swift */; };
		A1000200 /* DesignTokens.swift in Sources */ = {isa = PBXBuildFile; fileRef = A1000201 /* DesignTokens.swift */; };
		A1000202 /* PremiumComponents.swift in Sources */ = {isa = PBXBuildFile; fileRef = A1000203 /* PremiumComponents.swift */; };
		A1000204 /* ParticleExplosionView.swift in Sources */ = {isa = PBXBuildFile; fileRef = A1000205 /* ParticleExplosionView.swift */; };
		A1000301 /* DateParser.swift in Sources */ = {isa = PBXBuildFile; fileRef = A1000311 /* DateParser.swift */; };
		A1000803 /* DateFormattingHelper.swift in Sources */ = {isa = PBXBuildFile; fileRef = A1000802 /* DateFormattingHelper.swift */; };
		A1000911 /* PillStateManager.swift in Sources */ = {isa = PBXBuildFile; fileRef = A1000901 /* PillStateManager.swift */; };
		A1000912 /* WaveformViews.swift in Sources */ = {isa = PBXBuildFile; fileRef = A1000902 /* WaveformViews.swift */; };
		A1000913 /* LawsComponents.swift in Sources */ = {isa = PBXBuildFile; fileRef = A1000903 /* LawsComponents.swift */; };
		A1000914 /* AttentionPromptView.swift in Sources */ = {isa = PBXBuildFile; fileRef = A1000904 /* AttentionPromptView.swift */; };
		A1000915 /* ErrorViews.swift in Sources */ = {isa = PBXBuildFile; fileRef = A1000905 /* ErrorViews.swift */; };
		A1000916 /* CelebrationViews.swift in Sources */ = {isa = PBXBuildFile; fileRef = A1000906 /* CelebrationViews.swift */; };
		A1000917 /* PillViews.swift in Sources */ = {isa = PBXBuildFile; fileRef = A1000907 /* PillViews.swift */; };
		A1000919 /* FloatingPanelView.swift in Sources */ = {isa = PBXBuildFile; fileRef = A1000909 /* FloatingPanelView.swift */; };
		A100091A /* FloatingPanelController.swift in Sources */ = {isa = PBXBuildFile; fileRef = A100090A /* FloatingPanelController.swift */; };
		A100091B /* AuroraRecordingView.swift in Sources */ = {isa = PBXBuildFile; fileRef = A100090B /* AuroraRecordingView.swift */; };
		A100091C /* AuroraIdleView.swift in Sources */ = {isa = PBXBuildFile; fileRef = A100090C /* AuroraIdleView.swift */; };
		A100091D /* AuroraProcessingView.swift in Sources */ = {isa = PBXBuildFile; fileRef = A100090D /* AuroraProcessingView.swift */; };
		A100091E /* AuroraSuccessView.swift in Sources */ = {isa = PBXBuildFile; fileRef = A100090E /* AuroraSuccessView.swift */; };
		A1002011 /* AudioResampler.swift in Sources */ = {isa = PBXBuildFile; fileRef = A1002001 /* AudioResampler.swift */; };
		A1002012 /* ParakeetService.swift in Sources */ = {isa = PBXBuildFile; fileRef = A1002002 /* ParakeetService.swift */; };
		A1002013 /* SortformerService.swift in Sources */ = {isa = PBXBuildFile; fileRef = A1002003 /* SortformerService.swift */; };
		A1002014 /* SpeakerDatabase.swift in Sources */ = {isa = PBXBuildFile; fileRef = A1002004 /* SpeakerDatabase.swift */; };
		A1002015 /* TranscriptionTypes.swift in Sources */ = {isa = PBXBuildFile; fileRef = A1002005 /* TranscriptionTypes.swift */; };
		A1002016 /* SpeakerClipExtractor.swift in Sources */ = {isa = PBXBuildFile; fileRef = A1002006 /* SpeakerClipExtractor.swift */; };
		A1002018 /* EmbeddingClusterer.swift in Sources */ = {isa = PBXBuildFile; fileRef = A1002007 /* EmbeddingClusterer.swift */; };
		A100091F /* SpeakerNamingView.swift in Sources */ = {isa = PBXBuildFile; fileRef = A100090F /* SpeakerNamingView.swift */; };
		FA000011 /* libFluidAudioAll.a in Frameworks */ = {isa = PBXBuildFile; fileRef = FA000001 /* libFluidAudioAll.a */; };
		FA000012 /* Metal.framework in Frameworks */ = {isa = PBXBuildFile; fileRef = FA000002 /* Metal.framework */; };
		FA000013 /* MetalKit.framework in Frameworks */ = {isa = PBXBuildFile; fileRef = FA000003 /* MetalKit.framework */; };
		FA000014 /* Accelerate.framework in Frameworks */ = {isa = PBXBuildFile; fileRef = FA000004 /* Accelerate.framework */; };
		FA000015 /* CoreML.framework in Frameworks */ = {isa = PBXBuildFile; fileRef = FA000005 /* CoreML.framework */; };
		FA000016 /* CoreAudio.framework in Frameworks */ = {isa = PBXBuildFile; fileRef = FA000006 /* CoreAudio.framework */; };
		A1003001 /* AppLogger.swift in Sources */ = {isa = PBXBuildFile; fileRef = A1003002 /* AppLogger.swift */; };
		A1003003 /* FileLogger.swift in Sources */ = {isa = PBXBuildFile; fileRef = A1003004 /* FileLogger.swift */; };
		T1000011 /* TestFixtures.swift in Sources */ = {isa = PBXBuildFile; fileRef = T1000001 /* TestFixtures.swift */; };
		T1000012 /* DateFormattingHelperTests.swift in Sources */ = {isa = PBXBuildFile; fileRef = T1000002 /* DateFormattingHelperTests.swift */; };
		T1000013 /* DateParserTests.swift in Sources */ = {isa = PBXBuildFile; fileRef = T1000003 /* DateParserTests.swift */; };
		T1000014 /* DisplayStatusTests.swift in Sources */ = {isa = PBXBuildFile; fileRef = T1000004 /* DisplayStatusTests.swift */; };
		T1000015 /* TranscriptionTypesTests.swift in Sources */ = {isa = PBXBuildFile; fileRef = T1000005 /* TranscriptionTypesTests.swift */; };
		T1000018 /* PillStateManagerTests.swift in Sources */ = {isa = PBXBuildFile; fileRef = T1000008 /* PillStateManagerTests.swift */; };
		T1000019 /* SpeakerDatabaseTests.swift in Sources */ = {isa = PBXBuildFile; fileRef = T1000009 /* SpeakerDatabaseTests.swift */; };
		Q1000001 /* QwenService.swift in Sources */ = {isa = PBXBuildFile; fileRef = Q1000002 /* QwenService.swift */; };
		Q1000011 /* MLXLLM in Frameworks */ = {isa = PBXBuildFile; productRef = Q1000012 /* MLXLLM */; };
		Q1000021 /* MLXLMCommon in Frameworks */ = {isa = PBXBuildFile; productRef = Q1000022 /* MLXLMCommon */; };
/* End PBXBuildFile section */

/* Begin PBXContainerItemProxy section */
		T1000400 /* PBXContainerItemProxy */ = {
			isa = PBXContainerItemProxy;
			containerPortal = A1000032 /* Project object */;
			proxyType = 1;
			remoteGlobalIDString = A1000028;
			remoteInfo = Murmur;
		};
/* End PBXContainerItemProxy section */

/* Begin PBXFileReference section */
		A1001001 /* StatsDatabase.swift */ = {isa = PBXFileReference; lastKnownFileType = sourcecode.swift; path = StatsDatabase.swift; sourceTree = "<group>"; };
		A1001002 /* StatsService.swift */ = {isa = PBXFileReference; lastKnownFileType = sourcecode.swift; path = StatsService.swift; sourceTree = "<group>"; };
		A1001003 /* TranscriptScanner.swift */ = {isa = PBXFileReference; lastKnownFileType = sourcecode.swift; path = TranscriptScanner.swift; sourceTree = "<group>"; };
		A1001021 /* TranscriptStore.swift */ = {isa = PBXFileReference; lastKnownFileType = sourcecode.swift; path = TranscriptStore.swift; sourceTree = "<group>"; };
		A1001023 /* TranscriptTrayView.swift */ = {isa = PBXFileReference; lastKnownFileType = sourcecode.swift; path = TranscriptTrayView.swift; sourceTree = "<group>"; };
		A1001025 /* TranscriptDetailView.swift */ = {isa = PBXFileReference; lastKnownFileType = sourcecode.swift; path = TranscriptDetailView.swift; sourceTree = "<group>"; };
		A1001110 /* SettingsNavigationState.swift */ = {isa = PBXFileReference; lastKnownFileType = sourcecode.swift; path = SettingsNavigationState.swift; sourceTree = "<group>"; };
		A1001120 /* SettingsWindowController.swift */ = {isa = PBXFileReference; lastKnownFileType = sourcecode.swift; path = SettingsWindowController.swift; sourceTree = "<group>"; };
		A1001122 /* SettingsContainerView.swift */ = {isa = PBXFileReference; lastKnownFileType = sourcecode.swift; path = SettingsContainerView.swift; sourceTree = "<group>"; };
		A1001124 /* SettingsSidebarView.swift */ = {isa = PBXFileReference; lastKnownFileType = sourcecode.swift; path = SettingsSidebarView.swift; sourceTree = "<group>"; };
		A1001146 /* SettingsSectionCard.swift */ = {isa = PBXFileReference; lastKnownFileType = sourcecode.swift; path = SettingsSectionCard.swift; sourceTree = "<group>"; };
		A1000002 /* TranscriptedApp.swift */ = {isa = PBXFileReference; lastKnownFileType = sourcecode.swift; path = TranscriptedApp.swift; sourceTree = "<group>"; };
		A1000004 /* Transcription.swift */ = {isa = PBXFileReference; lastKnownFileType = sourcecode.swift; path = Transcription.swift; sourceTree = "<group>"; };
		A1000006 /* Audio.swift */ = {isa = PBXFileReference; lastKnownFileType = sourcecode.swift; path = Audio.swift; sourceTree = "<group>"; };
		A1000014 /* Clipboard.swift */ = {isa = PBXFileReference; lastKnownFileType = sourcecode.swift; path = Clipboard.swift; sourceTree = "<group>"; };
		A1000016 /* Assets.xcassets */ = {isa = PBXFileReference; lastKnownFileType = folder.assetcatalog; path = Assets.xcassets; sourceTree = "<group>"; };
		A1000017 /* Murmur.app */ = {isa = PBXFileReference; explicitFileType = wrapper.application; includeInIndex = 0; path = Murmur.app; sourceTree = BUILT_PRODUCTS_DIR; };
		A1000018 /* Info.plist */ = {isa = PBXFileReference; lastKnownFileType = text.plist.xml; path = Info.plist; sourceTree = "<group>"; };
		A1000019 /* Transcripted.entitlements */ = {isa = PBXFileReference; lastKnownFileType = text.plist.entitlements; path = Transcripted.entitlements; sourceTree = "<group>"; };
		A1000041 /* CoreAudioUtils.swift */ = {isa = PBXFileReference; lastKnownFileType = sourcecode.swift; path = CoreAudioUtils.swift; sourceTree = "<group>"; };
		A1000501 /* TranscriptUtils.swift */ = {isa = PBXFileReference; lastKnownFileType = sourcecode.swift; path = TranscriptUtils.swift; sourceTree = "<group>"; };
		A1000045 /* SystemAudioCapture.swift */ = {isa = PBXFileReference; lastKnownFileType = sourcecode.swift; path = SystemAudioCapture.swift; sourceTree = "<group>"; };
		A1000049 /* TranscriptSaver.swift */ = {isa = PBXFileReference; lastKnownFileType = sourcecode.swift; path = TranscriptSaver.swift; sourceTree = "<group>"; };
		A1000051 /* TranscriptionTaskManager.swift */ = {isa = PBXFileReference; lastKnownFileType = sourcecode.swift; path = TranscriptionTaskManager.swift; sourceTree = "<group>"; };
		A1000053 /* RecordingValidator.swift */ = {isa = PBXFileReference; lastKnownFileType = sourcecode.swift; path = RecordingValidator.swift; sourceTree = "<group>"; };
		A1000055 /* FailedTranscription.swift */ = {isa = PBXFileReference; lastKnownFileType = sourcecode.swift; path = FailedTranscription.swift; sourceTree = "<group>"; };
		A1000057 /* FailedTranscriptionManager.swift */ = {isa = PBXFileReference; lastKnownFileType = sourcecode.swift; path = FailedTranscriptionManager.swift; sourceTree = "<group>"; };
		A1000059 /* FailedTranscriptionsView.swift */ = {isa = PBXFileReference; lastKnownFileType = sourcecode.swift; path = FailedTranscriptionsView.swift; sourceTree = "<group>"; };
		A1000101 /* OnboardingState.swift */ = {isa = PBXFileReference; lastKnownFileType = sourcecode.swift; path = OnboardingState.swift; sourceTree = "<group>"; };
		A1000103 /* OnboardingWindow.swift */ = {isa = PBXFileReference; lastKnownFileType = sourcecode.swift; path = OnboardingWindow.swift; sourceTree = "<group>"; };
		A1000105 /* OnboardingContainerView.swift */ = {isa = PBXFileReference; lastKnownFileType = sourcecode.swift; path = OnboardingContainerView.swift; sourceTree = "<group>"; };
		A1000107 /* WelcomeStep.swift */ = {isa = PBXFileReference; lastKnownFileType = sourcecode.swift; path = WelcomeStep.swift; sourceTree = "<group>"; };
		A1000111 /* HowItWorksStep.swift */ = {isa = PBXFileReference; lastKnownFileType = sourcecode.swift; path = HowItWorksStep.swift; sourceTree = "<group>"; };
		A1000113 /* PermissionsStep.swift */ = {isa = PBXFileReference; lastKnownFileType = sourcecode.swift; path = PermissionsStep.swift; sourceTree = "<group>"; };
		A1000117 /* ReadyStep.swift */ = {isa = PBXFileReference; lastKnownFileType = sourcecode.swift; path = ReadyStep.swift; sourceTree = "<group>"; };
		A1000201 /* DesignTokens.swift */ = {isa = PBXFileReference; lastKnownFileType = sourcecode.swift; path = DesignTokens.swift; sourceTree = "<group>"; };
		A1000203 /* PremiumComponents.swift */ = {isa = PBXFileReference; lastKnownFileType = sourcecode.swift; path = PremiumComponents.swift; sourceTree = "<group>"; };
		A1000205 /* ParticleExplosionView.swift */ = {isa = PBXFileReference; lastKnownFileType = sourcecode.swift; path = ParticleExplosionView.swift; sourceTree = "<group>"; };
		A1000311 /* DateParser.swift */ = {isa = PBXFileReference; lastKnownFileType = sourcecode.swift; path = DateParser.swift; sourceTree = "<group>"; };
		A1000802 /* DateFormattingHelper.swift */ = {isa = PBXFileReference; lastKnownFileType = sourcecode.swift; path = DateFormattingHelper.swift; sourceTree = "<group>"; };
		A1000901 /* PillStateManager.swift */ = {isa = PBXFileReference; lastKnownFileType = sourcecode.swift; path = PillStateManager.swift; sourceTree = "<group>"; };
		A1000902 /* WaveformViews.swift */ = {isa = PBXFileReference; lastKnownFileType = sourcecode.swift; path = WaveformViews.swift; sourceTree = "<group>"; };
		A1000903 /* LawsComponents.swift */ = {isa = PBXFileReference; lastKnownFileType = sourcecode.swift; path = LawsComponents.swift; sourceTree = "<group>"; };
		A1000904 /* AttentionPromptView.swift */ = {isa = PBXFileReference; lastKnownFileType = sourcecode.swift; path = AttentionPromptView.swift; sourceTree = "<group>"; };
		A1000905 /* ErrorViews.swift */ = {isa = PBXFileReference; lastKnownFileType = sourcecode.swift; path = ErrorViews.swift; sourceTree = "<group>"; };
		A1000906 /* CelebrationViews.swift */ = {isa = PBXFileReference; lastKnownFileType = sourcecode.swift; path = CelebrationViews.swift; sourceTree = "<group>"; };
		A1000907 /* PillViews.swift */ = {isa = PBXFileReference; lastKnownFileType = sourcecode.swift; path = PillViews.swift; sourceTree = "<group>"; };
		A1000909 /* FloatingPanelView.swift */ = {isa = PBXFileReference; lastKnownFileType = sourcecode.swift; path = FloatingPanelView.swift; sourceTree = "<group>"; };
		A100090A /* FloatingPanelController.swift */ = {isa = PBXFileReference; lastKnownFileType = sourcecode.swift; path = FloatingPanelController.swift; sourceTree = "<group>"; };
		A100090B /* AuroraRecordingView.swift */ = {isa = PBXFileReference; lastKnownFileType = sourcecode.swift; path = AuroraRecordingView.swift; sourceTree = "<group>"; };
		A100090C /* AuroraIdleView.swift */ = {isa = PBXFileReference; lastKnownFileType = sourcecode.swift; path = AuroraIdleView.swift; sourceTree = "<group>"; };
		A100090D /* AuroraProcessingView.swift */ = {isa = PBXFileReference; lastKnownFileType = sourcecode.swift; path = AuroraProcessingView.swift; sourceTree = "<group>"; };
		A100090E /* AuroraSuccessView.swift */ = {isa = PBXFileReference; lastKnownFileType = sourcecode.swift; path = AuroraSuccessView.swift; sourceTree = "<group>"; };
		A1002001 /* AudioResampler.swift */ = {isa = PBXFileReference; lastKnownFileType = sourcecode.swift; path = AudioResampler.swift; sourceTree = "<group>"; };
		A1002002 /* ParakeetService.swift */ = {isa = PBXFileReference; lastKnownFileType = sourcecode.swift; path = ParakeetService.swift; sourceTree = "<group>"; };
		A1002003 /* SortformerService.swift */ = {isa = PBXFileReference; lastKnownFileType = sourcecode.swift; path = SortformerService.swift; sourceTree = "<group>"; };
		A1002004 /* SpeakerDatabase.swift */ = {isa = PBXFileReference; lastKnownFileType = sourcecode.swift; path = SpeakerDatabase.swift; sourceTree = "<group>"; };
		A1002005 /* TranscriptionTypes.swift */ = {isa = PBXFileReference; lastKnownFileType = sourcecode.swift; path = TranscriptionTypes.swift; sourceTree = "<group>"; };
		A1002006 /* SpeakerClipExtractor.swift */ = {isa = PBXFileReference; lastKnownFileType = sourcecode.swift; path = SpeakerClipExtractor.swift; sourceTree = "<group>"; };
		A1002007 /* EmbeddingClusterer.swift */ = {isa = PBXFileReference; lastKnownFileType = sourcecode.swift; path = EmbeddingClusterer.swift; sourceTree = "<group>"; };
		A100090F /* SpeakerNamingView.swift */ = {isa = PBXFileReference; lastKnownFileType = sourcecode.swift; path = SpeakerNamingView.swift; sourceTree = "<group>"; };
		FA000001 /* libFluidAudioAll.a */ = {isa = PBXFileReference; lastKnownFileType = archive.ar; name = libFluidAudioAll.a; path = "fluidaudio-libs/libFluidAudioAll.a"; sourceTree = "<group>"; };
		FA000002 /* Metal.framework */ = {isa = PBXFileReference; lastKnownFileType = wrapper.framework; name = Metal.framework; path = System/Library/Frameworks/Metal.framework; sourceTree = SDKROOT; };
		FA000003 /* MetalKit.framework */ = {isa = PBXFileReference; lastKnownFileType = wrapper.framework; name = MetalKit.framework; path = System/Library/Frameworks/MetalKit.framework; sourceTree = SDKROOT; };
		FA000004 /* Accelerate.framework */ = {isa = PBXFileReference; lastKnownFileType = wrapper.framework; name = Accelerate.framework; path = System/Library/Frameworks/Accelerate.framework; sourceTree = SDKROOT; };
		FA000005 /* CoreML.framework */ = {isa = PBXFileReference; lastKnownFileType = wrapper.framework; name = CoreML.framework; path = System/Library/Frameworks/CoreML.framework; sourceTree = SDKROOT; };
		FA000006 /* CoreAudio.framework */ = {isa = PBXFileReference; lastKnownFileType = wrapper.framework; name = CoreAudio.framework; path = System/Library/Frameworks/CoreAudio.framework; sourceTree = SDKROOT; };
		A1003002 /* AppLogger.swift */ = {isa = PBXFileReference; lastKnownFileType = sourcecode.swift; path = AppLogger.swift; sourceTree = "<group>"; };
		A1003004 /* FileLogger.swift */ = {isa = PBXFileReference; lastKnownFileType = sourcecode.swift; path = FileLogger.swift; sourceTree = "<group>"; };
		T1000001 /* TestFixtures.swift */ = {isa = PBXFileReference; lastKnownFileType = sourcecode.swift; path = TestFixtures.swift; sourceTree = "<group>"; };
		T1000002 /* DateFormattingHelperTests.swift */ = {isa = PBXFileReference; lastKnownFileType = sourcecode.swift; path = DateFormattingHelperTests.swift; sourceTree = "<group>"; };
		T1000003 /* DateParserTests.swift */ = {isa = PBXFileReference; lastKnownFileType = sourcecode.swift; path = DateParserTests.swift; sourceTree = "<group>"; };
		T1000004 /* DisplayStatusTests.swift */ = {isa = PBXFileReference; lastKnownFileType = sourcecode.swift; path = DisplayStatusTests.swift; sourceTree = "<group>"; };
		T1000005 /* TranscriptionTypesTests.swift */ = {isa = PBXFileReference; lastKnownFileType = sourcecode.swift; path = TranscriptionTypesTests.swift; sourceTree = "<group>"; };
		T1000008 /* PillStateManagerTests.swift */ = {isa = PBXFileReference; lastKnownFileType = sourcecode.swift; path = PillStateManagerTests.swift; sourceTree = "<group>"; };
		T1000009 /* SpeakerDatabaseTests.swift */ = {isa = PBXFileReference; lastKnownFileType = sourcecode.swift; path = SpeakerDatabaseTests.swift; sourceTree = "<group>"; };
		T1000200 /* MurmurTests.xctest */ = {isa = PBXFileReference; explicitFileType = wrapper.cfbundle; includeInIndex = 0; path = MurmurTests.xctest; sourceTree = BUILT_PRODUCTS_DIR; };
		Q1000002 /* QwenService.swift */ = {isa = PBXFileReference; lastKnownFileType = sourcecode.swift; path = QwenService.swift; sourceTree = "<group>"; };
/* End PBXFileReference section */

/* Begin PBXFrameworksBuildPhase section */
		A1000020 /* Frameworks */ = {
			isa = PBXFrameworksBuildPhase;
			buildActionMask = 2147483647;
			files = (
				FA000011 /* libFluidAudioAll.a in Frameworks */,
				FA000012 /* Metal.framework in Frameworks */,
				FA000013 /* MetalKit.framework in Frameworks */,
				FA000014 /* Accelerate.framework in Frameworks */,
				FA000015 /* CoreML.framework in Frameworks */,
				FA000016 /* CoreAudio.framework in Frameworks */,
				Q1000011 /* MLXLLM in Frameworks */,
				Q1000021 /* MLXLMCommon in Frameworks */,
			);
			runOnlyForDeploymentPostprocessing = 0;
		};
		T1000302 /* Frameworks */ = {
			isa = PBXFrameworksBuildPhase;
			buildActionMask = 2147483647;
			files = (
			);
			runOnlyForDeploymentPostprocessing = 0;
		};
/* End PBXFrameworksBuildPhase section */

/* Begin PBXGroup section */
		A1000021 = {
			isa = PBXGroup;
			children = (
				A1000022 /* Murmur */,
				T1000100 /* MurmurTests */,
				A1000023 /* Products */,
				FA000020 /* Frameworks */,
			);
			sourceTree = "<group>";
		};
		FA000020 /* Frameworks */ = {
			isa = PBXGroup;
			children = (
				FA000001 /* libFluidAudioAll.a */,
				FA000002 /* Metal.framework */,
				FA000003 /* MetalKit.framework */,
				FA000004 /* Accelerate.framework */,
				FA000005 /* CoreML.framework */,
				FA000006 /* CoreAudio.framework */,
			);
			name = Frameworks;
			sourceTree = "<group>";
		};
		A1000022 /* Murmur */ = {
			isa = PBXGroup;
			children = (
				A1000002 /* TranscriptedApp.swift */,
				A1000024 /* Core */,
				A1000320 /* Services */,
				A1000025 /* UI */,
				A1000210 /* Design */,
				A1000120 /* Onboarding */,
				A1000027 /* Resources */,
				A1000018 /* Info.plist */,
				A1000019 /* Transcripted.entitlements */,
			);
			path = Murmur;
			sourceTree = "<group>";
		};
		A1000023 /* Products */ = {
			isa = PBXGroup;
			children = (
				A1000017 /* Murmur.app */,
				T1000200 /* MurmurTests.xctest */,
			);
			name = Products;
			sourceTree = "<group>";
		};
		A1003010 /* Logging */ = {
			isa = PBXGroup;
			children = (
				A1003002 /* AppLogger.swift */,
				A1003004 /* FileLogger.swift */,
			);
			path = Logging;
			sourceTree = "<group>";
		};
		A1000024 /* Core */ = {
			isa = PBXGroup;
			children = (
				A1003010 /* Logging */,
				A1000004 /* Transcription.swift */,
				A1000051 /* TranscriptionTaskManager.swift */,
				A1000006 /* Audio.swift */,
				A1000014 /* Clipboard.swift */,
				A1000041 /* CoreAudioUtils.swift */,
				A1000045 /* SystemAudioCapture.swift */,
				A1000049 /* TranscriptSaver.swift */,
				A1000501 /* TranscriptUtils.swift */,
				A1000053 /* RecordingValidator.swift */,
				A1000055 /* FailedTranscription.swift */,
				A1000057 /* FailedTranscriptionManager.swift */,
				A1000311 /* DateParser.swift */,
				A1000802 /* DateFormattingHelper.swift */,
				A1001001 /* StatsDatabase.swift */,
				A1001002 /* StatsService.swift */,
				A1001003 /* TranscriptScanner.swift */,
				A1001021 /* TranscriptStore.swift */,
				A1002005 /* TranscriptionTypes.swift */,
			);
			path = Core;
			sourceTree = "<group>";
		};
		A1000025 /* UI */ = {
			isa = PBXGroup;
			children = (
				A1000910 /* FloatingPanel */,
				A1001100 /* Settings */,
				A1000059 /* FailedTranscriptionsView.swift */,
			);
			path = UI;
			sourceTree = "<group>";
		};
		A1001100 /* Settings */ = {
			isa = PBXGroup;
			children = (
				A1001120 /* SettingsWindowController.swift */,
				A1001122 /* SettingsContainerView.swift */,
				A1001124 /* SettingsSidebarView.swift */,
				A1001101 /* Models */,
				A1001102 /* Tabs */,
				A1001103 /* Components */,
			);
			path = Settings;
			sourceTree = "<group>";
		};
		A1001101 /* Models */ = {
			isa = PBXGroup;
			children = (
				A1001110 /* SettingsNavigationState.swift */,
			);
			path = Models;
			sourceTree = "<group>";
		};
		A1001102 /* Tabs */ = {
			isa = PBXGroup;
			children = (
			);
			path = Tabs;
			sourceTree = "<group>";
		};
		A1001103 /* Components */ = {
			isa = PBXGroup;
			children = (
				A1001146 /* SettingsSectionCard.swift */,
			);
			path = Components;
			sourceTree = "<group>";
		};
		A1000910 /* FloatingPanel */ = {
			isa = PBXGroup;
			children = (
				A100090A /* FloatingPanelController.swift */,
				A1000901 /* PillStateManager.swift */,
				A1000909 /* FloatingPanelView.swift */,
				A1000920 /* Components */,
				A1000930 /* Helpers */,
			);
			path = FloatingPanel;
			sourceTree = "<group>";
		};
		A1000920 /* Components */ = {
			isa = PBXGroup;
			children = (
				A1000902 /* WaveformViews.swift */,
				A1000904 /* AttentionPromptView.swift */,
				A1000905 /* ErrorViews.swift */,
				A1000906 /* CelebrationViews.swift */,
				A1000907 /* PillViews.swift */,
				A1001023 /* TranscriptTrayView.swift */,
				A1001025 /* TranscriptDetailView.swift */,
				A100090B /* AuroraRecordingView.swift */,
				A100090C /* AuroraIdleView.swift */,
				A100090D /* AuroraProcessingView.swift */,
				A100090E /* AuroraSuccessView.swift */,
				A100090F /* SpeakerNamingView.swift */,
			);
			path = Components;
			sourceTree = "<group>";
		};
		A1000930 /* Helpers */ = {
			isa = PBXGroup;
			children = (
				A1000903 /* LawsComponents.swift */,
			);
			path = Helpers;
			sourceTree = "<group>";
		};
		A1000027 /* Resources */ = {
			isa = PBXGroup;
			children = (
				A1000016 /* Assets.xcassets */,
			);
			path = Resources;
			sourceTree = "<group>";
		};
		A1000120 /* Onboarding */ = {
			isa = PBXGroup;
			children = (
				A1000101 /* OnboardingState.swift */,
				A1000103 /* OnboardingWindow.swift */,
				A1000105 /* OnboardingContainerView.swift */,
				A1000121 /* Steps */,
				A1000220 /* Animations */,
			);
			path = Onboarding;
			sourceTree = "<group>";
		};
		A1000121 /* Steps */ = {
			isa = PBXGroup;
			children = (
				A1000107 /* WelcomeStep.swift */,
				A1000111 /* HowItWorksStep.swift */,
				A1000113 /* PermissionsStep.swift */,
				A1000117 /* ReadyStep.swift */,
			);
			path = Steps;
			sourceTree = "<group>";
		};
		A1000210 /* Design */ = {
			isa = PBXGroup;
			children = (
				A1000201 /* DesignTokens.swift */,
				A1000203 /* PremiumComponents.swift */,
			);
			path = Design;
			sourceTree = "<group>";
		};
		A1000220 /* Animations */ = {
			isa = PBXGroup;
			children = (
				A1000205 /* ParticleExplosionView.swift */,
			);
			path = Animations;
			sourceTree = "<group>";
		};
		A1000320 /* Services */ = {
			isa = PBXGroup;
			children = (
				A1002001 /* AudioResampler.swift */,
				A1002002 /* ParakeetService.swift */,
				Q1000002 /* QwenService.swift */,
				A1002003 /* SortformerService.swift */,
				A1002004 /* SpeakerDatabase.swift */,
				A1002006 /* SpeakerClipExtractor.swift */,
				A1002007 /* EmbeddingClusterer.swift */,
			);
			path = Services;
			sourceTree = "<group>";
		};
		T1000100 /* MurmurTests */ = {
			isa = PBXGroup;
			children = (
				T1000101 /* Core */,
				T1000102 /* Services */,
				T1000103 /* UI */,
				T1000104 /* Helpers */,
			);
			path = MurmurTests;
			sourceTree = "<group>";
		};
		T1000101 /* Core */ = {
			isa = PBXGroup;
			children = (
				T1000002 /* DateFormattingHelperTests.swift */,
				T1000003 /* DateParserTests.swift */,
				T1000004 /* DisplayStatusTests.swift */,
				T1000005 /* TranscriptionTypesTests.swift */,
			);
			path = Core;
			sourceTree = "<group>";
		};
		T1000102 /* Services */ = {
			isa = PBXGroup;
			children = (
				T1000009 /* SpeakerDatabaseTests.swift */,
			);
			path = Services;
			sourceTree = "<group>";
		};
		T1000103 /* UI */ = {
			isa = PBXGroup;
			children = (
				T1000008 /* PillStateManagerTests.swift */,
			);
			path = UI;
			sourceTree = "<group>";
		};
		T1000104 /* Helpers */ = {
			isa = PBXGroup;
			children = (
				T1000001 /* TestFixtures.swift */,
			);
			path = Helpers;
			sourceTree = "<group>";
		};
/* End PBXGroup section */

/* Begin PBXNativeTarget section */
		A1000028 /* Murmur */ = {
			isa = PBXNativeTarget;
			buildConfigurationList = A1000029 /* Build configuration list for PBXNativeTarget "Murmur" */;
			buildPhases = (
				A1000030 /* Sources */,
				A1000020 /* Frameworks */,
				A1000031 /* Resources */,
			);
			buildRules = (
			);
			dependencies = (
			);
			name = Murmur;
			packageProductDependencies = (
				Q1000012 /* MLXLLM */,
				Q1000022 /* MLXLMCommon */,
			);
			productName = Murmur;
			productReference = A1000017 /* Murmur.app */;
			productType = "com.apple.product-type.application";
		};
		T1000300 /* MurmurTests */ = {
			isa = PBXNativeTarget;
			buildConfigurationList = T1000502 /* Build configuration list for PBXNativeTarget "MurmurTests" */;
			buildPhases = (
				T1000301 /* Sources */,
				T1000302 /* Frameworks */,
			);
			buildRules = (
			);
			dependencies = (
				T1000401 /* PBXTargetDependency */,
			);
			name = MurmurTests;
			productName = MurmurTests;
			productReference = T1000200 /* MurmurTests.xctest */;
			productType = "com.apple.product-type.bundle.unit-test";
		};
/* End PBXNativeTarget section */

/* Begin PBXProject section */
		A1000032 /* Project object */ = {
			isa = PBXProject;
			attributes = {
				BuildIndependentTargetsInParallel = 1;
				LastSwiftUpdateCheck = 1500;
				LastUpgradeCheck = 2600;
				TargetAttributes = {
					A1000028 = {
						CreatedOnToolsVersion = 15.0;
					};
					T1000300 = {
						CreatedOnToolsVersion = 15.0;
						TestTargetID = A1000028;
					};
				};
			};
			buildConfigurationList = A1000033 /* Build configuration list for PBXProject "Murmur" */;
			compatibilityVersion = "Xcode 14.0";
			developmentRegion = en;
			hasScannedForEncodings = 0;
			knownRegions = (
				en,
				Base,
			);
			mainGroup = A1000021;
			packageReferences = (
				Q1000030 /* XCRemoteSwiftPackageReference "mlx-swift-lm" */,
			);
			productRefGroup = A1000023 /* Products */;
			projectDirPath = "";
			projectRoot = "";
			targets = (
				A1000028 /* Murmur */,
				T1000300 /* MurmurTests */,
			);
		};
/* End PBXProject section */

/* Begin PBXResourcesBuildPhase section */
		A1000031 /* Resources */ = {
			isa = PBXResourcesBuildPhase;
			buildActionMask = 2147483647;
			files = (
				A1000015 /* Assets.xcassets in Resources */,
			);
			runOnlyForDeploymentPostprocessing = 0;
		};
/* End PBXResourcesBuildPhase section */

/* Begin PBXSourcesBuildPhase section */
		A1000030 /* Sources */ = {
			isa = PBXSourcesBuildPhase;
			buildActionMask = 2147483647;
			files = (
				A1000001 /* TranscriptedApp.swift in Sources */,
				A1000003 /* Transcription.swift in Sources */,
				A1000050 /* TranscriptionTaskManager.swift in Sources */,
				A1000005 /* Audio.swift in Sources */,
				A1000013 /* Clipboard.swift in Sources */,
				A1000040 /* CoreAudioUtils.swift in Sources */,
				A1000044 /* SystemAudioCapture.swift in Sources */,
				A1000048 /* TranscriptSaver.swift in Sources */,
				A1000500 /* TranscriptUtils.swift in Sources */,
				A1000052 /* RecordingValidator.swift in Sources */,
				A1000054 /* FailedTranscription.swift in Sources */,
				A1000056 /* FailedTranscriptionManager.swift in Sources */,
				A1000058 /* FailedTranscriptionsView.swift in Sources */,
				A1000100 /* OnboardingState.swift in Sources */,
				A1000102 /* OnboardingWindow.swift in Sources */,
				A1000104 /* OnboardingContainerView.swift in Sources */,
				A1000106 /* WelcomeStep.swift in Sources */,
				A1000110 /* HowItWorksStep.swift in Sources */,
				A1000112 /* PermissionsStep.swift in Sources */,
				A1000116 /* ReadyStep.swift in Sources */,
				A1000200 /* DesignTokens.swift in Sources */,
				A1000202 /* PremiumComponents.swift in Sources */,
				A1000204 /* ParticleExplosionView.swift in Sources */,
				A1000301 /* DateParser.swift in Sources */,
				A1000803 /* DateFormattingHelper.swift in Sources */,
				A1000911 /* PillStateManager.swift in Sources */,
				A1000912 /* WaveformViews.swift in Sources */,
				A1000913 /* LawsComponents.swift in Sources */,
				A1000914 /* AttentionPromptView.swift in Sources */,
				A1000915 /* ErrorViews.swift in Sources */,
				A1000916 /* CelebrationViews.swift in Sources */,
				A1000917 /* PillViews.swift in Sources */,
				A1000919 /* FloatingPanelView.swift in Sources */,
				A100091A /* FloatingPanelController.swift in Sources */,
				A100091B /* AuroraRecordingView.swift in Sources */,
				A100091C /* AuroraIdleView.swift in Sources */,
				A100091D /* AuroraProcessingView.swift in Sources */,
				A100091E /* AuroraSuccessView.swift in Sources */,
				A1001011 /* StatsDatabase.swift in Sources */,
				A1001012 /* StatsService.swift in Sources */,
				A1001013 /* TranscriptScanner.swift in Sources */,
				A1001020 /* TranscriptStore.swift in Sources */,
				A1001022 /* TranscriptTrayView.swift in Sources */,
				A1001024 /* TranscriptDetailView.swift in Sources */,
				A1001111 /* SettingsNavigationState.swift in Sources */,
				A1001121 /* SettingsWindowController.swift in Sources */,
				A1001123 /* SettingsContainerView.swift in Sources */,
				A1001125 /* SettingsSidebarView.swift in Sources */,
				A1001147 /* SettingsSectionCard.swift in Sources */,
				A1002011 /* AudioResampler.swift in Sources */,
				A1002012 /* ParakeetService.swift in Sources */,
				A1002013 /* SortformerService.swift in Sources */,
				A1002014 /* SpeakerDatabase.swift in Sources */,
				A1002015 /* TranscriptionTypes.swift in Sources */,
				A1002016 /* SpeakerClipExtractor.swift in Sources */,
				A1002018 /* EmbeddingClusterer.swift in Sources */,
				A100091F /* SpeakerNamingView.swift in Sources */,
				A1003001 /* AppLogger.swift in Sources */,
				A1003003 /* FileLogger.swift in Sources */,
				Q1000001 /* QwenService.swift in Sources */,
			);
			runOnlyForDeploymentPostprocessing = 0;
		};
		T1000301 /* Sources */ = {
			isa = PBXSourcesBuildPhase;
			buildActionMask = 2147483647;
			files = (
				T1000011 /* TestFixtures.swift in Sources */,
				T1000012 /* DateFormattingHelperTests.swift in Sources */,
				T1000013 /* DateParserTests.swift in Sources */,
				T1000014 /* DisplayStatusTests.swift in Sources */,
				T1000015 /* TranscriptionTypesTests.swift in Sources */,
				T1000018 /* PillStateManagerTests.swift in Sources */,
				T1000019 /* SpeakerDatabaseTests.swift in Sources */,
			);
			runOnlyForDeploymentPostprocessing = 0;
		};
/* End PBXSourcesBuildPhase section */

/* Begin PBXTargetDependency section */
		T1000401 /* PBXTargetDependency */ = {
			isa = PBXTargetDependency;
			target = A1000028 /* Murmur */;
			targetProxy = T1000400 /* PBXContainerItemProxy */;
		};
/* End PBXTargetDependency section */

/* Begin XCBuildConfiguration section */
		A1000034 /* Debug */ = {
			isa = XCBuildConfiguration;
			buildSettings = {
				ALWAYS_SEARCH_USER_PATHS = NO;
				CLANG_ANALYZER_NONNULL = YES;
				CLANG_ANALYZER_NUMBER_OBJECT_CONVERSION = YES_AGGRESSIVE;
				CLANG_CXX_LANGUAGE_STANDARD = "gnu++20";
				CLANG_ENABLE_MODULES = YES;
				CLANG_ENABLE_OBJC_ARC = YES;
				CLANG_ENABLE_OBJC_WEAK = YES;
				CLANG_WARN_BLOCK_CAPTURE_AUTORELEASING = YES;
				CLANG_WARN_BOOL_CONVERSION = YES;
				CLANG_WARN_COMMA = YES;
				CLANG_WARN_CONSTANT_CONVERSION = YES;
				CLANG_WARN_DEPRECATED_OBJC_IMPLEMENTATIONS = YES;
				CLANG_WARN_DIRECT_OBJC_ISA_USAGE = YES_ERROR;
				CLANG_WARN_DOCUMENTATION_COMMENTS = YES;
				CLANG_WARN_EMPTY_BODY = YES;
				CLANG_WARN_ENUM_CONVERSION = YES;
				CLANG_WARN_INFINITE_RECURSION = YES;
				CLANG_WARN_INT_CONVERSION = YES;
				CLANG_WARN_NON_LITERAL_NULL_CONVERSION = YES;
				CLANG_WARN_OBJC_IMPLICIT_RETAIN_SELF = YES;
				CLANG_WARN_OBJC_LITERAL_CONVERSION = YES;
				CLANG_WARN_OBJC_ROOT_CLASS = YES_ERROR;
				CLANG_WARN_QUOTED_INCLUDE_IN_FRAMEWORK_HEADER = YES;
				CLANG_WARN_RANGE_LOOP_ANALYSIS = YES;
				CLANG_WARN_STRICT_PROTOTYPES = YES;
				CLANG_WARN_SUSPICIOUS_MOVE = YES;
				CLANG_WARN_UNGUARDED_AVAILABILITY = YES_AGGRESSIVE;
				CLANG_WARN_UNREACHABLE_CODE = YES;
				CLANG_WARN__DUPLICATE_METHOD_MATCH = YES;
				COPY_PHASE_STRIP = NO;
				DEAD_CODE_STRIPPING = YES;
				DEBUG_INFORMATION_FORMAT = dwarf;
				ENABLE_STRICT_OBJC_MSGSEND = YES;
				ENABLE_TESTABILITY = YES;
				ENABLE_USER_SCRIPT_SANDBOXING = YES;
				GCC_C_LANGUAGE_STANDARD = gnu11;
				GCC_DYNAMIC_NO_PIC = NO;
				GCC_NO_COMMON_BLOCKS = YES;
				GCC_OPTIMIZATION_LEVEL = 0;
				GCC_PREPROCESSOR_DEFINITIONS = (
					"DEBUG=1",
					"$(inherited)",
				);
				GCC_WARN_64_TO_32_BIT_CONVERSION = YES;
				GCC_WARN_ABOUT_RETURN_TYPE = YES_ERROR;
				GCC_WARN_UNDECLARED_SELECTOR = YES;
				GCC_WARN_UNINITIALIZED_AUTOS = YES_AGGRESSIVE;
				GCC_WARN_UNUSED_FUNCTION = YES;
				GCC_WARN_UNUSED_VARIABLE = YES;
				MACOSX_DEPLOYMENT_TARGET = 14.0;
				MTL_ENABLE_DEBUG_INFO = INCLUDE_SOURCE;
				MTL_FAST_MATH = YES;
				ONLY_ACTIVE_ARCH = YES;
				SDKROOT = macosx;
				STRING_CATALOG_GENERATE_SYMBOLS = YES;
				SWIFT_ACTIVE_COMPILATION_CONDITIONS = DEBUG;
				SWIFT_OPTIMIZATION_LEVEL = "-Onone";
			};
			name = Debug;
		};
		A1000035 /* Release */ = {
			isa = XCBuildConfiguration;
			buildSettings = {
				ALWAYS_SEARCH_USER_PATHS = NO;
				CLANG_ANALYZER_NONNULL = YES;
				CLANG_ANALYZER_NUMBER_OBJECT_CONVERSION = YES_AGGRESSIVE;
				CLANG_CXX_LANGUAGE_STANDARD = "gnu++20";
				CLANG_ENABLE_MODULES = YES;
				CLANG_ENABLE_OBJC_ARC = YES;
				CLANG_ENABLE_OBJC_WEAK = YES;
				CLANG_WARN_BLOCK_CAPTURE_AUTORELEASING = YES;
				CLANG_WARN_BOOL_CONVERSION = YES;
				CLANG_WARN_COMMA = YES;
				CLANG_WARN_CONSTANT_CONVERSION = YES;
				CLANG_WARN_DEPRECATED_OBJC_IMPLEMENTATIONS = YES;
				CLANG_WARN_DIRECT_OBJC_ISA_USAGE = YES_ERROR;
				CLANG_WARN_DOCUMENTATION_COMMENTS = YES;
				CLANG_WARN_EMPTY_BODY = YES;
				CLANG_WARN_ENUM_CONVERSION = YES;
				CLANG_WARN_INFINITE_RECURSION = YES;
				CLANG_WARN_INT_CONVERSION = YES;
				CLANG_WARN_NON_LITERAL_NULL_CONVERSION = YES;
				CLANG_WARN_OBJC_IMPLICIT_RETAIN_SELF = YES;
				CLANG_WARN_OBJC_LITERAL_CONVERSION = YES;
				CLANG_WARN_OBJC_ROOT_CLASS = YES_ERROR;
				CLANG_WARN_QUOTED_INCLUDE_IN_FRAMEWORK_HEADER = YES;
				CLANG_WARN_RANGE_LOOP_ANALYSIS = YES;
				CLANG_WARN_STRICT_PROTOTYPES = YES;
				CLANG_WARN_SUSPICIOUS_MOVE = YES;
				CLANG_WARN_UNGUARDED_AVAILABILITY = YES_AGGRESSIVE;
				CLANG_WARN_UNREACHABLE_CODE = YES;
				CLANG_WARN__DUPLICATE_METHOD_MATCH = YES;
				COPY_PHASE_STRIP = NO;
				DEAD_CODE_STRIPPING = YES;
				DEBUG_INFORMATION_FORMAT = "dwarf-with-dsym";
				ENABLE_NS_ASSERTIONS = NO;
				ENABLE_STRICT_OBJC_MSGSEND = YES;
				ENABLE_USER_SCRIPT_SANDBOXING = YES;
				GCC_C_LANGUAGE_STANDARD = gnu11;
				GCC_NO_COMMON_BLOCKS = YES;
				GCC_WARN_64_TO_32_BIT_CONVERSION = YES;
				GCC_WARN_ABOUT_RETURN_TYPE = YES_ERROR;
				GCC_WARN_UNDECLARED_SELECTOR = YES;
				GCC_WARN_UNINITIALIZED_AUTOS = YES_AGGRESSIVE;
				GCC_WARN_UNUSED_FUNCTION = YES;
				GCC_WARN_UNUSED_VARIABLE = YES;
				MACOSX_DEPLOYMENT_TARGET = 14.0;
				MTL_ENABLE_DEBUG_INFO = NO;
				MTL_FAST_MATH = YES;
				SDKROOT = macosx;
				STRING_CATALOG_GENERATE_SYMBOLS = YES;
				SWIFT_COMPILATION_MODE = wholemodule;
				SWIFT_OPTIMIZATION_LEVEL = "-O";
			};
			name = Release;
		};
		A1000036 /* Debug */ = {
			isa = XCBuildConfiguration;
			buildSettings = {
				ASSETCATALOG_COMPILER_APPICON_NAME = AppIcon;
				ASSETCATALOG_COMPILER_GLOBAL_ACCENT_COLOR_NAME = AccentColor;
				CODE_SIGN_ENTITLEMENTS = Murmur/Transcripted.entitlements;
				CODE_SIGN_IDENTITY = "Apple Development";
				CODE_SIGN_STYLE = Automatic;
				COMBINE_HIDPI_IMAGES = YES;
				CURRENT_PROJECT_VERSION = 1;
				DEAD_CODE_STRIPPING = YES;
				DEVELOPMENT_ASSET_PATHS = "";
				DEVELOPMENT_TEAM = XG6WL66WUQ;
				ENABLE_APP_SANDBOX = NO;
				ENABLE_PREVIEWS = YES;
				ENABLE_RESOURCE_ACCESS_AUDIO_INPUT = YES;
				GENERATE_INFOPLIST_FILE = NO;
				INFOPLIST_FILE = Murmur/Info.plist;
				INFOPLIST_KEY_LSUIElement = YES;
				INFOPLIST_KEY_NSHumanReadableCopyright = "";
				LD_RUNPATH_SEARCH_PATHS = (
					"$(inherited)",
					"@executable_path/../Frameworks",
				);
				LIBRARY_SEARCH_PATHS = (
					"$(inherited)",
					"$(SRCROOT)/fluidaudio-libs",
				);
				MARKETING_VERSION = 1.0;
				OTHER_LDFLAGS = (
					"$(inherited)",
					"-lc++",
				);
				PRODUCT_BUNDLE_IDENTIFIER = com.transcripted.app;
				PRODUCT_NAME = Transcripted;
				SWIFT_EMIT_LOC_STRINGS = YES;
				SWIFT_INCLUDE_PATHS = (
					"$(SRCROOT)/fluidaudio-modules",
					"$(SRCROOT)/fluidaudio-modules/FastClusterWrapper",
					"$(SRCROOT)/fluidaudio-modules/MachTaskSelfWrapper",
					"$(SRCROOT)/fluidaudio-modules/yyjson",
				);
				SWIFT_VERSION = 5.0;
			};
			name = Debug;
		};
		A1000037 /* Release */ = {
			isa = XCBuildConfiguration;
			buildSettings = {
				ASSETCATALOG_COMPILER_APPICON_NAME = AppIcon;
				ASSETCATALOG_COMPILER_GLOBAL_ACCENT_COLOR_NAME = AccentColor;
				CODE_SIGN_ENTITLEMENTS = Murmur/Transcripted.entitlements;
				CODE_SIGN_IDENTITY = "Apple Development";
				CODE_SIGN_STYLE = Automatic;
				COMBINE_HIDPI_IMAGES = YES;
				CURRENT_PROJECT_VERSION = 1;
				DEAD_CODE_STRIPPING = YES;
				DEVELOPMENT_ASSET_PATHS = "";
				DEVELOPMENT_TEAM = XG6WL66WUQ;
				ENABLE_APP_SANDBOX = NO;
				ENABLE_PREVIEWS = YES;
				ENABLE_RESOURCE_ACCESS_AUDIO_INPUT = YES;
				GENERATE_INFOPLIST_FILE = NO;
				INFOPLIST_FILE = Murmur/Info.plist;
				INFOPLIST_KEY_LSUIElement = YES;
				INFOPLIST_KEY_NSHumanReadableCopyright = "";
				LD_RUNPATH_SEARCH_PATHS = (
					"$(inherited)",
					"@executable_path/../Frameworks",
				);
				LIBRARY_SEARCH_PATHS = (
					"$(inherited)",
					"$(SRCROOT)/fluidaudio-libs",
				);
				MARKETING_VERSION = 1.0;
				OTHER_LDFLAGS = (
					"$(inherited)",
					"-lc++",
				);
				PRODUCT_BUNDLE_IDENTIFIER = com.transcripted.app;
				PRODUCT_NAME = Transcripted;
				SWIFT_EMIT_LOC_STRINGS = YES;
				SWIFT_INCLUDE_PATHS = (
					"$(SRCROOT)/fluidaudio-modules",
					"$(SRCROOT)/fluidaudio-modules/FastClusterWrapper",
					"$(SRCROOT)/fluidaudio-modules/MachTaskSelfWrapper",
					"$(SRCROOT)/fluidaudio-modules/yyjson",
				);
				SWIFT_VERSION = 5.0;
			};
			name = Release;
		};
		T1000500 /* Debug */ = {
			isa = XCBuildConfiguration;
			buildSettings = {
				BUNDLE_LOADER = "$(TEST_HOST)";
				CODE_SIGN_STYLE = Automatic;
				CURRENT_PROJECT_VERSION = 1;
				DEAD_CODE_STRIPPING = YES;
				DEVELOPMENT_TEAM = XG6WL66WUQ;
				GENERATE_INFOPLIST_FILE = YES;
				MARKETING_VERSION = 1.0;
				PRODUCT_BUNDLE_IDENTIFIER = com.transcripted.app.tests;
				PRODUCT_NAME = "$(TARGET_NAME)";
				SWIFT_EMIT_LOC_STRINGS = NO;
				SWIFT_INCLUDE_PATHS = (
					"$(SRCROOT)/fluidaudio-modules",
					"$(SRCROOT)/fluidaudio-modules/FastClusterWrapper",
					"$(SRCROOT)/fluidaudio-modules/MachTaskSelfWrapper",
					"$(SRCROOT)/fluidaudio-modules/yyjson",
				);
				SWIFT_VERSION = 5.0;
				TEST_HOST = "$(BUILT_PRODUCTS_DIR)/Transcripted.app/Contents/MacOS/Transcripted";
			};
			name = Debug;
		};
		T1000501 /* Release */ = {
			isa = XCBuildConfiguration;
			buildSettings = {
				BUNDLE_LOADER = "$(TEST_HOST)";
				CODE_SIGN_STYLE = Automatic;
				CURRENT_PROJECT_VERSION = 1;
				DEAD_CODE_STRIPPING = YES;
				DEVELOPMENT_TEAM = XG6WL66WUQ;
				GENERATE_INFOPLIST_FILE = YES;
				MARKETING_VERSION = 1.0;
				PRODUCT_BUNDLE_IDENTIFIER = com.transcripted.app.tests;
				PRODUCT_NAME = "$(TARGET_NAME)";
				SWIFT_EMIT_LOC_STRINGS = NO;
				SWIFT_INCLUDE_PATHS = (
					"$(SRCROOT)/fluidaudio-modules",
					"$(SRCROOT)/fluidaudio-modules/FastClusterWrapper",
					"$(SRCROOT)/fluidaudio-modules/MachTaskSelfWrapper",
					"$(SRCROOT)/fluidaudio-modules/yyjson",
				);
				SWIFT_VERSION = 5.0;
				TEST_HOST = "$(BUILT_PRODUCTS_DIR)/Transcripted.app/Contents/MacOS/Transcripted";
			};
			name = Release;
		};
/* End XCBuildConfiguration section */

/* Begin XCConfigurationList section */
		A1000029 /* Build configuration list for PBXNativeTarget "Murmur" */ = {
			isa = XCConfigurationList;
			buildConfigurations = (
				A1000036 /* Debug */,
				A1000037 /* Release */,
			);
			defaultConfigurationIsVisible = 0;
			defaultConfigurationName = Release;
		};
		A1000033 /* Build configuration list for PBXProject "Murmur" */ = {
			isa = XCConfigurationList;
			buildConfigurations = (
				A1000034 /* Debug */,
				A1000035 /* Release */,
			);
			defaultConfigurationIsVisible = 0;
			defaultConfigurationName = Release;
		};
		T1000502 /* Build configuration list for PBXNativeTarget "MurmurTests" */ = {
			isa = XCConfigurationList;
			buildConfigurations = (
				T1000500 /* Debug */,
				T1000501 /* Release */,
			);
			defaultConfigurationIsVisible = 0;
			defaultConfigurationName = Release;
		};
/* End XCConfigurationList section */

/* Begin XCRemoteSwiftPackageReference section */
		Q1000030 /* XCRemoteSwiftPackageReference "mlx-swift-lm" */ = {
			isa = XCRemoteSwiftPackageReference;
			repositoryURL = "https://github.com/ml-explore/mlx-swift-lm";
			requirement = {
				kind = branch;
				branch = main;
			};
		};
/* End XCRemoteSwiftPackageReference section */

/* Begin XCSwiftPackageProductDependency section */
		Q1000012 /* MLXLLM */ = {
			isa = XCSwiftPackageProductDependency;
			package = Q1000030 /* XCRemoteSwiftPackageReference "mlx-swift-lm" */;
			productName = MLXLLM;
		};
		Q1000022 /* MLXLMCommon */ = {
			isa = XCSwiftPackageProductDependency;
			package = Q1000030 /* XCRemoteSwiftPackageReference "mlx-swift-lm" */;
			productName = MLXLMCommon;
		};
/* End XCSwiftPackageProductDependency section */
	};
	rootObject = A1000032 /* Project object */;
}
