// !$*UTF8*$!
{
	archiveVersion = 1;
	classes = {
	};
	objectVersion = 56;
	objects = {

/* Begin PBXBuildFile section */
		177299A5CC91824348F205F7 /* TodoistService.swift in Sources */ = {isa = PBXBuildFile; fileRef = 957699D9D32FB594FDC17C0C /* TodoistService.swift */; };
		A1000500 /* TranscriptUtils.swift in Sources */ = {isa = PBXBuildFile; fileRef = A1000501 /* TranscriptUtils.swift */; };
		A1000001 /* TranscriptedApp.swift in Sources */ = {isa = PBXBuildFile; fileRef = A1000002 /* TranscriptedApp.swift */; };
		A1000003 /* Transcription.swift in Sources */ = {isa = PBXBuildFile; fileRef = A1000004 /* Transcription.swift */; };
		A1000005 /* Audio.swift in Sources */ = {isa = PBXBuildFile; fileRef = A1000006 /* Audio.swift */; };
		A1000009 /* Settings.swift in Sources */ = {isa = PBXBuildFile; fileRef = A1000010 /* Settings.swift */; };
		A1000013 /* Clipboard.swift in Sources */ = {isa = PBXBuildFile; fileRef = A1000014 /* Clipboard.swift */; };
		A1000015 /* Assets.xcassets in Resources */ = {isa = PBXBuildFile; fileRef = A1000016 /* Assets.xcassets */; };
		A1000040 /* CoreAudioUtils.swift in Sources */ = {isa = PBXBuildFile; fileRef = A1000041 /* CoreAudioUtils.swift */; };
		A1000044 /* SystemAudioCapture.swift in Sources */ = {isa = PBXBuildFile; fileRef = A1000045 /* SystemAudioCapture.swift */; };
		A1000048 /* TranscriptSaver.swift in Sources */ = {isa = PBXBuildFile; fileRef = A1000049 /* TranscriptSaver.swift */; };
		A1000050 /* TranscriptionTaskManager.swift in Sources */ = {isa = PBXBuildFile; fileRef = A1000051 /* TranscriptionTaskManager.swift */; };
		A1000052 /* RecordingValidator.swift in Sources */ = {isa = PBXBuildFile; fileRef = A1000053 /* RecordingValidator.swift */; };
		A1000054 /* FailedTranscription.swift in Sources */ = {isa = PBXBuildFile; fileRef = A1000055 /* FailedTranscription.swift */; };
		A1000056 /* FailedTranscriptionManager.swift in Sources */ = {isa = PBXBuildFile; fileRef = A1000057 /* FailedTranscriptionManager.swift */; };
		A1000058 /* FailedTranscriptionsView.swift in Sources */ = {isa = PBXBuildFile; fileRef = A1000059 /* FailedTranscriptionsView.swift */; };
		A1000100 /* OnboardingState.swift in Sources */ = {isa = PBXBuildFile; fileRef = A1000101 /* OnboardingState.swift */; };
		A1000102 /* OnboardingWindow.swift in Sources */ = {isa = PBXBuildFile; fileRef = A1000103 /* OnboardingWindow.swift */; };
		A1000104 /* OnboardingContainerView.swift in Sources */ = {isa = PBXBuildFile; fileRef = A1000105 /* OnboardingContainerView.swift */; };
		A1000106 /* WelcomeStep.swift in Sources */ = {isa = PBXBuildFile; fileRef = A1000107 /* WelcomeStep.swift */; };
		A1000110 /* HowItWorksStep.swift in Sources */ = {isa = PBXBuildFile; fileRef = A1000111 /* HowItWorksStep.swift */; };
		A1000112 /* PermissionsStep.swift in Sources */ = {isa = PBXBuildFile; fileRef = A1000113 /* PermissionsStep.swift */; };
		A1000116 /* ReadyStep.swift in Sources */ = {isa = PBXBuildFile; fileRef = A1000117 /* ReadyStep.swift */; };
		A1000200 /* DesignTokens.swift in Sources */ = {isa = PBXBuildFile; fileRef = A1000201 /* DesignTokens.swift */; };
		A1000202 /* PremiumComponents.swift in Sources */ = {isa = PBXBuildFile; fileRef = A1000203 /* PremiumComponents.swift */; };
		A1000204 /* ParticleExplosionView.swift in Sources */ = {isa = PBXBuildFile; fileRef = A1000205 /* ParticleExplosionView.swift */; };
		A1000300 /* ActionItemExtractor.swift in Sources */ = {isa = PBXBuildFile; fileRef = A1000310 /* ActionItemExtractor.swift */; };
		A1000301 /* DateParser.swift in Sources */ = {isa = PBXBuildFile; fileRef = A1000311 /* DateParser.swift */; };
		A1000302 /* RemindersService.swift in Sources */ = {isa = PBXBuildFile; fileRef = A1000312 /* RemindersService.swift */; };
		A1000304 /* AssemblyAIService.swift in Sources */ = {isa = PBXBuildFile; fileRef = A1000314 /* AssemblyAIService.swift */; };
		A1000305 /* DeepgramService.swift in Sources */ = {isa = PBXBuildFile; fileRef = A1000315 /* DeepgramService.swift */; };
		A1000400 /* AudioPreprocessor.swift in Sources */ = {isa = PBXBuildFile; fileRef = A1000401 /* AudioPreprocessor.swift */; };
		A1000600 /* ActionItemReviewView.swift in Sources */ = {isa = PBXBuildFile; fileRef = A1000601 /* ActionItemReviewView.swift */; };
		A1000700 /* ServiceResult.swift in Sources */ = {isa = PBXBuildFile; fileRef = A1000701 /* ServiceResult.swift */; };
		A1000800 /* FailedActionItemManager.swift in Sources */ = {isa = PBXBuildFile; fileRef = A1000801 /* FailedActionItemManager.swift */; };
		A1000803 /* DateFormattingHelper.swift in Sources */ = {isa = PBXBuildFile; fileRef = A1000802 /* DateFormattingHelper.swift */; };
		A1000911 /* PillStateManager.swift in Sources */ = {isa = PBXBuildFile; fileRef = A1000901 /* PillStateManager.swift */; };
		A1000912 /* WaveformViews.swift in Sources */ = {isa = PBXBuildFile; fileRef = A1000902 /* WaveformViews.swift */; };
		A1000913 /* LawsComponents.swift in Sources */ = {isa = PBXBuildFile; fileRef = A1000903 /* LawsComponents.swift */; };
		A1000914 /* AttentionPromptView.swift in Sources */ = {isa = PBXBuildFile; fileRef = A1000904 /* AttentionPromptView.swift */; };
		A1000915 /* ErrorViews.swift in Sources */ = {isa = PBXBuildFile; fileRef = A1000905 /* ErrorViews.swift */; };
		A1000916 /* CelebrationViews.swift in Sources */ = {isa = PBXBuildFile; fileRef = A1000906 /* CelebrationViews.swift */; };
		A1000917 /* PillViews.swift in Sources */ = {isa = PBXBuildFile; fileRef = A1000907 /* PillViews.swift */; };
		A1000918 /* ReviewTrayView.swift in Sources */ = {isa = PBXBuildFile; fileRef = A1000908 /* ReviewTrayView.swift */; };
		A1000919 /* FloatingPanelView.swift in Sources */ = {isa = PBXBuildFile; fileRef = A1000909 /* FloatingPanelView.swift */; };
		A100091A /* FloatingPanelController.swift in Sources */ = {isa = PBXBuildFile; fileRef = A100090A /* FloatingPanelController.swift */; };
		A100091B /* AuroraRecordingView.swift in Sources */ = {isa = PBXBuildFile; fileRef = A100090B /* AuroraRecordingView.swift */; };
/* End PBXBuildFile section */

/* Begin PBXFileReference section */
		957699D9D32FB594FDC17C0C /* TodoistService.swift */ = {isa = PBXFileReference; includeInIndex = 1; lastKnownFileType = sourcecode.swift; path = TodoistService.swift; sourceTree = "<group>"; };
		A1000002 /* TranscriptedApp.swift */ = {isa = PBXFileReference; lastKnownFileType = sourcecode.swift; path = TranscriptedApp.swift; sourceTree = "<group>"; };
		A1000004 /* Transcription.swift */ = {isa = PBXFileReference; lastKnownFileType = sourcecode.swift; path = Transcription.swift; sourceTree = "<group>"; };
		A1000006 /* Audio.swift */ = {isa = PBXFileReference; lastKnownFileType = sourcecode.swift; path = Audio.swift; sourceTree = "<group>"; };
		A1000010 /* Settings.swift */ = {isa = PBXFileReference; lastKnownFileType = sourcecode.swift; path = Settings.swift; sourceTree = "<group>"; };
		A1000014 /* Clipboard.swift */ = {isa = PBXFileReference; lastKnownFileType = sourcecode.swift; path = Clipboard.swift; sourceTree = "<group>"; };
		A1000016 /* Assets.xcassets */ = {isa = PBXFileReference; lastKnownFileType = folder.assetcatalog; path = Assets.xcassets; sourceTree = "<group>"; };
		A1000017 /* Murmur.app */ = {isa = PBXFileReference; explicitFileType = wrapper.application; includeInIndex = 0; path = Murmur.app; sourceTree = BUILT_PRODUCTS_DIR; };
		A1000018 /* Info.plist */ = {isa = PBXFileReference; lastKnownFileType = text.plist.xml; path = Info.plist; sourceTree = "<group>"; };
		A1000019 /* Transcripted.entitlements */ = {isa = PBXFileReference; lastKnownFileType = text.plist.entitlements; path = Transcripted.entitlements; sourceTree = "<group>"; };
		A1000041 /* CoreAudioUtils.swift */ = {isa = PBXFileReference; lastKnownFileType = sourcecode.swift; path = CoreAudioUtils.swift; sourceTree = "<group>"; };
		A1000501 /* TranscriptUtils.swift */ = {isa = PBXFileReference; lastKnownFileType = sourcecode.swift; path = TranscriptUtils.swift; sourceTree = "<group>"; };
		A1000045 /* SystemAudioCapture.swift */ = {isa = PBXFileReference; lastKnownFileType = sourcecode.swift; path = SystemAudioCapture.swift; sourceTree = "<group>"; };
		A1000049 /* TranscriptSaver.swift */ = {isa = PBXFileReference; lastKnownFileType = sourcecode.swift; path = TranscriptSaver.swift; sourceTree = "<group>"; };
		A1000051 /* TranscriptionTaskManager.swift */ = {isa = PBXFileReference; lastKnownFileType = sourcecode.swift; path = TranscriptionTaskManager.swift; sourceTree = "<group>"; };
		A1000053 /* RecordingValidator.swift */ = {isa = PBXFileReference; lastKnownFileType = sourcecode.swift; path = RecordingValidator.swift; sourceTree = "<group>"; };
		A1000055 /* FailedTranscription.swift */ = {isa = PBXFileReference; lastKnownFileType = sourcecode.swift; path = FailedTranscription.swift; sourceTree = "<group>"; };
		A1000057 /* FailedTranscriptionManager.swift */ = {isa = PBXFileReference; lastKnownFileType = sourcecode.swift; path = FailedTranscriptionManager.swift; sourceTree = "<group>"; };
		A1000059 /* FailedTranscriptionsView.swift */ = {isa = PBXFileReference; lastKnownFileType = sourcecode.swift; path = FailedTranscriptionsView.swift; sourceTree = "<group>"; };
		A1000101 /* OnboardingState.swift */ = {isa = PBXFileReference; lastKnownFileType = sourcecode.swift; path = OnboardingState.swift; sourceTree = "<group>"; };
		A1000103 /* OnboardingWindow.swift */ = {isa = PBXFileReference; lastKnownFileType = sourcecode.swift; path = OnboardingWindow.swift; sourceTree = "<group>"; };
		A1000105 /* OnboardingContainerView.swift */ = {isa = PBXFileReference; lastKnownFileType = sourcecode.swift; path = OnboardingContainerView.swift; sourceTree = "<group>"; };
		A1000107 /* WelcomeStep.swift */ = {isa = PBXFileReference; lastKnownFileType = sourcecode.swift; path = WelcomeStep.swift; sourceTree = "<group>"; };
		A1000111 /* HowItWorksStep.swift */ = {isa = PBXFileReference; lastKnownFileType = sourcecode.swift; path = HowItWorksStep.swift; sourceTree = "<group>"; };
		A1000113 /* PermissionsStep.swift */ = {isa = PBXFileReference; lastKnownFileType = sourcecode.swift; path = PermissionsStep.swift; sourceTree = "<group>"; };
		A1000117 /* ReadyStep.swift */ = {isa = PBXFileReference; lastKnownFileType = sourcecode.swift; path = ReadyStep.swift; sourceTree = "<group>"; };
		A1000201 /* DesignTokens.swift */ = {isa = PBXFileReference; lastKnownFileType = sourcecode.swift; path = DesignTokens.swift; sourceTree = "<group>"; };
		A1000203 /* PremiumComponents.swift */ = {isa = PBXFileReference; lastKnownFileType = sourcecode.swift; path = PremiumComponents.swift; sourceTree = "<group>"; };
		A1000205 /* ParticleExplosionView.swift */ = {isa = PBXFileReference; lastKnownFileType = sourcecode.swift; path = ParticleExplosionView.swift; sourceTree = "<group>"; };
		A1000310 /* ActionItemExtractor.swift */ = {isa = PBXFileReference; lastKnownFileType = sourcecode.swift; path = ActionItemExtractor.swift; sourceTree = "<group>"; };
		A1000311 /* DateParser.swift */ = {isa = PBXFileReference; lastKnownFileType = sourcecode.swift; path = DateParser.swift; sourceTree = "<group>"; };
		A1000312 /* RemindersService.swift */ = {isa = PBXFileReference; lastKnownFileType = sourcecode.swift; path = RemindersService.swift; sourceTree = "<group>"; };
		A1000314 /* AssemblyAIService.swift */ = {isa = PBXFileReference; lastKnownFileType = sourcecode.swift; path = AssemblyAIService.swift; sourceTree = "<group>"; };
		A1000315 /* DeepgramService.swift */ = {isa = PBXFileReference; lastKnownFileType = sourcecode.swift; path = DeepgramService.swift; sourceTree = "<group>"; };
		A1000401 /* AudioPreprocessor.swift */ = {isa = PBXFileReference; lastKnownFileType = sourcecode.swift; path = AudioPreprocessor.swift; sourceTree = "<group>"; };
		A1000601 /* ActionItemReviewView.swift */ = {isa = PBXFileReference; lastKnownFileType = sourcecode.swift; path = ActionItemReviewView.swift; sourceTree = "<group>"; };
		A1000701 /* ServiceResult.swift */ = {isa = PBXFileReference; lastKnownFileType = sourcecode.swift; path = ServiceResult.swift; sourceTree = "<group>"; };
		A1000801 /* FailedActionItemManager.swift */ = {isa = PBXFileReference; lastKnownFileType = sourcecode.swift; path = FailedActionItemManager.swift; sourceTree = "<group>"; };
		A1000802 /* DateFormattingHelper.swift */ = {isa = PBXFileReference; lastKnownFileType = sourcecode.swift; path = DateFormattingHelper.swift; sourceTree = "<group>"; };
		A1000901 /* PillStateManager.swift */ = {isa = PBXFileReference; lastKnownFileType = sourcecode.swift; path = PillStateManager.swift; sourceTree = "<group>"; };
		A1000902 /* WaveformViews.swift */ = {isa = PBXFileReference; lastKnownFileType = sourcecode.swift; path = WaveformViews.swift; sourceTree = "<group>"; };
		A1000903 /* LawsComponents.swift */ = {isa = PBXFileReference; lastKnownFileType = sourcecode.swift; path = LawsComponents.swift; sourceTree = "<group>"; };
		A1000904 /* AttentionPromptView.swift */ = {isa = PBXFileReference; lastKnownFileType = sourcecode.swift; path = AttentionPromptView.swift; sourceTree = "<group>"; };
		A1000905 /* ErrorViews.swift */ = {isa = PBXFileReference; lastKnownFileType = sourcecode.swift; path = ErrorViews.swift; sourceTree = "<group>"; };
		A1000906 /* CelebrationViews.swift */ = {isa = PBXFileReference; lastKnownFileType = sourcecode.swift; path = CelebrationViews.swift; sourceTree = "<group>"; };
		A1000907 /* PillViews.swift */ = {isa = PBXFileReference; lastKnownFileType = sourcecode.swift; path = PillViews.swift; sourceTree = "<group>"; };
		A1000908 /* ReviewTrayView.swift */ = {isa = PBXFileReference; lastKnownFileType = sourcecode.swift; path = ReviewTrayView.swift; sourceTree = "<group>"; };
		A1000909 /* FloatingPanelView.swift */ = {isa = PBXFileReference; lastKnownFileType = sourcecode.swift; path = FloatingPanelView.swift; sourceTree = "<group>"; };
		A100090A /* FloatingPanelController.swift */ = {isa = PBXFileReference; lastKnownFileType = sourcecode.swift; path = FloatingPanelController.swift; sourceTree = "<group>"; };
		A100090B /* AuroraRecordingView.swift */ = {isa = PBXFileReference; lastKnownFileType = sourcecode.swift; path = AuroraRecordingView.swift; sourceTree = "<group>"; };
/* End PBXFileReference section */

/* Begin PBXFrameworksBuildPhase section */
		A1000020 /* Frameworks */ = {
			isa = PBXFrameworksBuildPhase;
			buildActionMask = 2147483647;
			files = (
			);
			runOnlyForDeploymentPostprocessing = 0;
		};
/* End PBXFrameworksBuildPhase section */

/* Begin PBXGroup section */
		A1000021 = {
			isa = PBXGroup;
			children = (
				A1000022 /* Murmur */,
				A1000023 /* Products */,
			);
			sourceTree = "<group>";
		};
		A1000022 /* Murmur */ = {
			isa = PBXGroup;
			children = (
				A1000002 /* TranscriptedApp.swift */,
				A1000024 /* Core */,
				A1000320 /* Services */,
				A1000025 /* UI */,
				A1000210 /* Design */,
				A1000120 /* Onboarding */,
				A1000027 /* Resources */,
				A1000018 /* Info.plist */,
				A1000019 /* Transcripted.entitlements */,
			);
			path = Murmur;
			sourceTree = "<group>";
		};
		A1000023 /* Products */ = {
			isa = PBXGroup;
			children = (
				A1000017 /* Murmur.app */,
			);
			name = Products;
			sourceTree = "<group>";
		};
		A1000024 /* Core */ = {
			isa = PBXGroup;
			children = (
				A1000004 /* Transcription.swift */,
				A1000051 /* TranscriptionTaskManager.swift */,
				A1000006 /* Audio.swift */,
				A1000014 /* Clipboard.swift */,
				A1000041 /* CoreAudioUtils.swift */,
				A1000045 /* SystemAudioCapture.swift */,
				A1000049 /* TranscriptSaver.swift */,
				A1000501 /* TranscriptUtils.swift */,
				A1000053 /* RecordingValidator.swift */,
				A1000055 /* FailedTranscription.swift */,
				A1000057 /* FailedTranscriptionManager.swift */,
				A1000310 /* ActionItemExtractor.swift */,
				A1000311 /* DateParser.swift */,
				A1000401 /* AudioPreprocessor.swift */,
				A1000701 /* ServiceResult.swift */,
				A1000801 /* FailedActionItemManager.swift */,
				A1000802 /* DateFormattingHelper.swift */,
			);
			path = Core;
			sourceTree = "<group>";
		};
		A1000025 /* UI */ = {
			isa = PBXGroup;
			children = (
				A1000910 /* FloatingPanel */,
				A1000010 /* Settings.swift */,
				A1000059 /* FailedTranscriptionsView.swift */,
				A1000601 /* ActionItemReviewView.swift */,
			);
			path = UI;
			sourceTree = "<group>";
		};
		A1000910 /* FloatingPanel */ = {
			isa = PBXGroup;
			children = (
				A100090A /* FloatingPanelController.swift */,
				A1000901 /* PillStateManager.swift */,
				A1000909 /* FloatingPanelView.swift */,
				A1000920 /* Components */,
				A1000930 /* Helpers */,
			);
			path = FloatingPanel;
			sourceTree = "<group>";
		};
		A1000920 /* Components */ = {
			isa = PBXGroup;
			children = (
				A1000902 /* WaveformViews.swift */,
				A1000904 /* AttentionPromptView.swift */,
				A1000905 /* ErrorViews.swift */,
				A1000906 /* CelebrationViews.swift */,
				A1000907 /* PillViews.swift */,
				A1000908 /* ReviewTrayView.swift */,
				A100090B /* AuroraRecordingView.swift */,
			);
			path = Components;
			sourceTree = "<group>";
		};
		A1000930 /* Helpers */ = {
			isa = PBXGroup;
			children = (
				A1000903 /* LawsComponents.swift */,
			);
			path = Helpers;
			sourceTree = "<group>";
		};
		A1000027 /* Resources */ = {
			isa = PBXGroup;
			children = (
				A1000016 /* Assets.xcassets */,
			);
			path = Resources;
			sourceTree = "<group>";
		};
		A1000120 /* Onboarding */ = {
			isa = PBXGroup;
			children = (
				A1000101 /* OnboardingState.swift */,
				A1000103 /* OnboardingWindow.swift */,
				A1000105 /* OnboardingContainerView.swift */,
				A1000121 /* Steps */,
				A1000220 /* Animations */,
			);
			path = Onboarding;
			sourceTree = "<group>";
		};
		A1000121 /* Steps */ = {
			isa = PBXGroup;
			children = (
				A1000107 /* WelcomeStep.swift */,
				A1000111 /* HowItWorksStep.swift */,
				A1000113 /* PermissionsStep.swift */,
				A1000117 /* ReadyStep.swift */,
			);
			path = Steps;
			sourceTree = "<group>";
		};
		A1000210 /* Design */ = {
			isa = PBXGroup;
			children = (
				A1000201 /* DesignTokens.swift */,
				A1000203 /* PremiumComponents.swift */,
			);
			path = Design;
			sourceTree = "<group>";
		};
		A1000220 /* Animations */ = {
			isa = PBXGroup;
			children = (
				A1000205 /* ParticleExplosionView.swift */,
			);
			path = Animations;
			sourceTree = "<group>";
		};
		A1000320 /* Services */ = {
			isa = PBXGroup;
			children = (
				A1000312 /* RemindersService.swift */,
				957699D9D32FB594FDC17C0C /* TodoistService.swift */,
				A1000314 /* AssemblyAIService.swift */,
				A1000315 /* DeepgramService.swift */,
			);
			path = Services;
			sourceTree = "<group>";
		};
/* End PBXGroup section */

/* Begin PBXNativeTarget section */
		A1000028 /* Murmur */ = {
			isa = PBXNativeTarget;
			buildConfigurationList = A1000029 /* Build configuration list for PBXNativeTarget "Murmur" */;
			buildPhases = (
				A1000030 /* Sources */,
				A1000020 /* Frameworks */,
				A1000031 /* Resources */,
			);
			buildRules = (
			);
			dependencies = (
			);
			name = Murmur;
			productName = Murmur;
			productReference = A1000017 /* Murmur.app */;
			productType = "com.apple.product-type.application";
		};
/* End PBXNativeTarget section */

/* Begin PBXProject section */
		A1000032 /* Project object */ = {
			isa = PBXProject;
			attributes = {
				BuildIndependentTargetsInParallel = 1;
				LastSwiftUpdateCheck = 1500;
				LastUpgradeCheck = 2600;
				TargetAttributes = {
					A1000028 = {
						CreatedOnToolsVersion = 15.0;
					};
				};
			};
			buildConfigurationList = A1000033 /* Build configuration list for PBXProject "Murmur" */;
			compatibilityVersion = "Xcode 14.0";
			developmentRegion = en;
			hasScannedForEncodings = 0;
			knownRegions = (
				en,
				Base,
			);
			mainGroup = A1000021;
			productRefGroup = A1000023 /* Products */;
			projectDirPath = "";
			projectRoot = "";
			targets = (
				A1000028 /* Murmur */,
			);
		};
/* End PBXProject section */

/* Begin PBXResourcesBuildPhase section */
		A1000031 /* Resources */ = {
			isa = PBXResourcesBuildPhase;
			buildActionMask = 2147483647;
			files = (
				A1000015 /* Assets.xcassets in Resources */,
			);
			runOnlyForDeploymentPostprocessing = 0;
		};
/* End PBXResourcesBuildPhase section */

/* Begin PBXSourcesBuildPhase section */
		A1000030 /* Sources */ = {
			isa = PBXSourcesBuildPhase;
			buildActionMask = 2147483647;
			files = (
				A1000001 /* TranscriptedApp.swift in Sources */,
				A1000003 /* Transcription.swift in Sources */,
				A1000050 /* TranscriptionTaskManager.swift in Sources */,
				A1000005 /* Audio.swift in Sources */,
				A1000009 /* Settings.swift in Sources */,
				A1000013 /* Clipboard.swift in Sources */,
				A1000040 /* CoreAudioUtils.swift in Sources */,
				A1000044 /* SystemAudioCapture.swift in Sources */,
				A1000048 /* TranscriptSaver.swift in Sources */,
				A1000500 /* TranscriptUtils.swift in Sources */,
				A1000052 /* RecordingValidator.swift in Sources */,
				A1000054 /* FailedTranscription.swift in Sources */,
				A1000056 /* FailedTranscriptionManager.swift in Sources */,
				A1000058 /* FailedTranscriptionsView.swift in Sources */,
				A1000100 /* OnboardingState.swift in Sources */,
				A1000102 /* OnboardingWindow.swift in Sources */,
				A1000104 /* OnboardingContainerView.swift in Sources */,
				A1000106 /* WelcomeStep.swift in Sources */,
				A1000110 /* HowItWorksStep.swift in Sources */,
				A1000112 /* PermissionsStep.swift in Sources */,
				A1000116 /* ReadyStep.swift in Sources */,
				A1000200 /* DesignTokens.swift in Sources */,
				A1000202 /* PremiumComponents.swift in Sources */,
				A1000204 /* ParticleExplosionView.swift in Sources */,
				A1000300 /* ActionItemExtractor.swift in Sources */,
				A1000301 /* DateParser.swift in Sources */,
				A1000302 /* RemindersService.swift in Sources */,
				177299A5CC91824348F205F7 /* TodoistService.swift in Sources */,
				A1000304 /* AssemblyAIService.swift in Sources */,
				A1000305 /* DeepgramService.swift in Sources */,
				A1000400 /* AudioPreprocessor.swift in Sources */,
				A1000600 /* ActionItemReviewView.swift in Sources */,
				A1000700 /* ServiceResult.swift in Sources */,
				A1000800 /* FailedActionItemManager.swift in Sources */,
				A1000803 /* DateFormattingHelper.swift in Sources */,
				A1000911 /* PillStateManager.swift in Sources */,
				A1000912 /* WaveformViews.swift in Sources */,
				A1000913 /* LawsComponents.swift in Sources */,
				A1000914 /* AttentionPromptView.swift in Sources */,
				A1000915 /* ErrorViews.swift in Sources */,
				A1000916 /* CelebrationViews.swift in Sources */,
				A1000917 /* PillViews.swift in Sources */,
				A1000918 /* ReviewTrayView.swift in Sources */,
				A1000919 /* FloatingPanelView.swift in Sources */,
				A100091A /* FloatingPanelController.swift in Sources */,
				A100091B /* AuroraRecordingView.swift in Sources */,
			);
			runOnlyForDeploymentPostprocessing = 0;
		};
/* End PBXSourcesBuildPhase section */

/* Begin XCBuildConfiguration section */
		A1000034 /* Debug */ = {
			isa = XCBuildConfiguration;
			buildSettings = {
				ALWAYS_SEARCH_USER_PATHS = NO;
				CLANG_ANALYZER_NONNULL = YES;
				CLANG_ANALYZER_NUMBER_OBJECT_CONVERSION = YES_AGGRESSIVE;
				CLANG_CXX_LANGUAGE_STANDARD = "gnu++20";
				CLANG_ENABLE_MODULES = YES;
				CLANG_ENABLE_OBJC_ARC = YES;
				CLANG_ENABLE_OBJC_WEAK = YES;
				CLANG_WARN_BLOCK_CAPTURE_AUTORELEASING = YES;
				CLANG_WARN_BOOL_CONVERSION = YES;
				CLANG_WARN_COMMA = YES;
				CLANG_WARN_CONSTANT_CONVERSION = YES;
				CLANG_WARN_DEPRECATED_OBJC_IMPLEMENTATIONS = YES;
				CLANG_WARN_DIRECT_OBJC_ISA_USAGE = YES_ERROR;
				CLANG_WARN_DOCUMENTATION_COMMENTS = YES;
				CLANG_WARN_EMPTY_BODY = YES;
				CLANG_WARN_ENUM_CONVERSION = YES;
				CLANG_WARN_INFINITE_RECURSION = YES;
				CLANG_WARN_INT_CONVERSION = YES;
				CLANG_WARN_NON_LITERAL_NULL_CONVERSION = YES;
				CLANG_WARN_OBJC_IMPLICIT_RETAIN_SELF = YES;
				CLANG_WARN_OBJC_LITERAL_CONVERSION = YES;
				CLANG_WARN_OBJC_ROOT_CLASS = YES_ERROR;
				CLANG_WARN_QUOTED_INCLUDE_IN_FRAMEWORK_HEADER = YES;
				CLANG_WARN_RANGE_LOOP_ANALYSIS = YES;
				CLANG_WARN_STRICT_PROTOTYPES = YES;
				CLANG_WARN_SUSPICIOUS_MOVE = YES;
				CLANG_WARN_UNGUARDED_AVAILABILITY = YES_AGGRESSIVE;
				CLANG_WARN_UNREACHABLE_CODE = YES;
				CLANG_WARN__DUPLICATE_METHOD_MATCH = YES;
				COPY_PHASE_STRIP = NO;
				DEAD_CODE_STRIPPING = YES;
				DEBUG_INFORMATION_FORMAT = dwarf;
				ENABLE_STRICT_OBJC_MSGSEND = YES;
				ENABLE_TESTABILITY = YES;
				ENABLE_USER_SCRIPT_SANDBOXING = YES;
				GCC_C_LANGUAGE_STANDARD = gnu11;
				GCC_DYNAMIC_NO_PIC = NO;
				GCC_NO_COMMON_BLOCKS = YES;
				GCC_OPTIMIZATION_LEVEL = 0;
				GCC_PREPROCESSOR_DEFINITIONS = (
					"DEBUG=1",
					"$(inherited)",
				);
				GCC_WARN_64_TO_32_BIT_CONVERSION = YES;
				GCC_WARN_ABOUT_RETURN_TYPE = YES_ERROR;
				GCC_WARN_UNDECLARED_SELECTOR = YES;
				GCC_WARN_UNINITIALIZED_AUTOS = YES_AGGRESSIVE;
				GCC_WARN_UNUSED_FUNCTION = YES;
				GCC_WARN_UNUSED_VARIABLE = YES;
				MACOSX_DEPLOYMENT_TARGET = 13.0;
				MTL_ENABLE_DEBUG_INFO = INCLUDE_SOURCE;
				MTL_FAST_MATH = YES;
				ONLY_ACTIVE_ARCH = YES;
				SDKROOT = macosx;
				STRING_CATALOG_GENERATE_SYMBOLS = YES;
				SWIFT_ACTIVE_COMPILATION_CONDITIONS = DEBUG;
				SWIFT_OPTIMIZATION_LEVEL = "-Onone";
			};
			name = Debug;
		};
		A1000035 /* Release */ = {
			isa = XCBuildConfiguration;
			buildSettings = {
				ALWAYS_SEARCH_USER_PATHS = NO;
				CLANG_ANALYZER_NONNULL = YES;
				CLANG_ANALYZER_NUMBER_OBJECT_CONVERSION = YES_AGGRESSIVE;
				CLANG_CXX_LANGUAGE_STANDARD = "gnu++20";
				CLANG_ENABLE_MODULES = YES;
				CLANG_ENABLE_OBJC_ARC = YES;
				CLANG_ENABLE_OBJC_WEAK = YES;
				CLANG_WARN_BLOCK_CAPTURE_AUTORELEASING = YES;
				CLANG_WARN_BOOL_CONVERSION = YES;
				CLANG_WARN_COMMA = YES;
				CLANG_WARN_CONSTANT_CONVERSION = YES;
				CLANG_WARN_DEPRECATED_OBJC_IMPLEMENTATIONS = YES;
				CLANG_WARN_DIRECT_OBJC_ISA_USAGE = YES_ERROR;
				CLANG_WARN_DOCUMENTATION_COMMENTS = YES;
				CLANG_WARN_EMPTY_BODY = YES;
				CLANG_WARN_ENUM_CONVERSION = YES;
				CLANG_WARN_INFINITE_RECURSION = YES;
				CLANG_WARN_INT_CONVERSION = YES;
				CLANG_WARN_NON_LITERAL_NULL_CONVERSION = YES;
				CLANG_WARN_OBJC_IMPLICIT_RETAIN_SELF = YES;
				CLANG_WARN_OBJC_LITERAL_CONVERSION = YES;
				CLANG_WARN_OBJC_ROOT_CLASS = YES_ERROR;
				CLANG_WARN_QUOTED_INCLUDE_IN_FRAMEWORK_HEADER = YES;
				CLANG_WARN_RANGE_LOOP_ANALYSIS = YES;
				CLANG_WARN_STRICT_PROTOTYPES = YES;
				CLANG_WARN_SUSPICIOUS_MOVE = YES;
				CLANG_WARN_UNGUARDED_AVAILABILITY = YES_AGGRESSIVE;
				CLANG_WARN_UNREACHABLE_CODE = YES;
				CLANG_WARN__DUPLICATE_METHOD_MATCH = YES;
				COPY_PHASE_STRIP = NO;
				DEAD_CODE_STRIPPING = YES;
				DEBUG_INFORMATION_FORMAT = "dwarf-with-dsym";
				ENABLE_NS_ASSERTIONS = NO;
				ENABLE_STRICT_OBJC_MSGSEND = YES;
				ENABLE_USER_SCRIPT_SANDBOXING = YES;
				GCC_C_LANGUAGE_STANDARD = gnu11;
				GCC_NO_COMMON_BLOCKS = YES;
				GCC_WARN_64_TO_32_BIT_CONVERSION = YES;
				GCC_WARN_ABOUT_RETURN_TYPE = YES_ERROR;
				GCC_WARN_UNDECLARED_SELECTOR = YES;
				GCC_WARN_UNINITIALIZED_AUTOS = YES_AGGRESSIVE;
				GCC_WARN_UNUSED_FUNCTION = YES;
				GCC_WARN_UNUSED_VARIABLE = YES;
				MACOSX_DEPLOYMENT_TARGET = 13.0;
				MTL_ENABLE_DEBUG_INFO = NO;
				MTL_FAST_MATH = YES;
				SDKROOT = macosx;
				STRING_CATALOG_GENERATE_SYMBOLS = YES;
				SWIFT_COMPILATION_MODE = wholemodule;
				SWIFT_OPTIMIZATION_LEVEL = "-O";
			};
			name = Release;
		};
		A1000036 /* Debug */ = {
			isa = XCBuildConfiguration;
			buildSettings = {
				ASSETCATALOG_COMPILER_APPICON_NAME = AppIcon;
				ASSETCATALOG_COMPILER_GLOBAL_ACCENT_COLOR_NAME = AccentColor;
				CODE_SIGN_ENTITLEMENTS = Murmur/Transcripted.entitlements;
				CODE_SIGN_STYLE = Automatic;
				COMBINE_HIDPI_IMAGES = YES;
				CURRENT_PROJECT_VERSION = 1;
				DEAD_CODE_STRIPPING = YES;
				DEVELOPMENT_ASSET_PATHS = "";
				ENABLE_APP_SANDBOX = NO;
				ENABLE_PREVIEWS = YES;
				ENABLE_RESOURCE_ACCESS_AUDIO_INPUT = YES;
				GENERATE_INFOPLIST_FILE = NO;
				INFOPLIST_FILE = Murmur/Info.plist;
				INFOPLIST_KEY_LSUIElement = YES;
				INFOPLIST_KEY_NSHumanReadableCopyright = "";
				LD_RUNPATH_SEARCH_PATHS = (
					"$(inherited)",
					"@executable_path/../Frameworks",
				);
				MARKETING_VERSION = 1.0;
				PRODUCT_BUNDLE_IDENTIFIER = com.transcripted.app;
				PRODUCT_NAME = Transcripted;
				SWIFT_EMIT_LOC_STRINGS = YES;
				SWIFT_VERSION = 5.0;
			};
			name = Debug;
		};
		A1000037 /* Release */ = {
			isa = XCBuildConfiguration;
			buildSettings = {
				ASSETCATALOG_COMPILER_APPICON_NAME = AppIcon;
				ASSETCATALOG_COMPILER_GLOBAL_ACCENT_COLOR_NAME = AccentColor;
				CODE_SIGN_ENTITLEMENTS = Murmur/Transcripted.entitlements;
				CODE_SIGN_STYLE = Automatic;
				COMBINE_HIDPI_IMAGES = YES;
				CURRENT_PROJECT_VERSION = 1;
				DEAD_CODE_STRIPPING = YES;
				DEVELOPMENT_ASSET_PATHS = "";
				ENABLE_APP_SANDBOX = NO;
				ENABLE_PREVIEWS = YES;
				ENABLE_RESOURCE_ACCESS_AUDIO_INPUT = YES;
				GENERATE_INFOPLIST_FILE = NO;
				INFOPLIST_FILE = Murmur/Info.plist;
				INFOPLIST_KEY_LSUIElement = YES;
				INFOPLIST_KEY_NSHumanReadableCopyright = "";
				LD_RUNPATH_SEARCH_PATHS = (
					"$(inherited)",
					"@executable_path/../Frameworks",
				);
				MARKETING_VERSION = 1.0;
				PRODUCT_BUNDLE_IDENTIFIER = com.transcripted.app;
				PRODUCT_NAME = Transcripted;
				SWIFT_EMIT_LOC_STRINGS = YES;
				SWIFT_VERSION = 5.0;
			};
			name = Release;
		};
/* End XCBuildConfiguration section */

/* Begin XCConfigurationList section */
		A1000029 /* Build configuration list for PBXNativeTarget "Murmur" */ = {
			isa = XCConfigurationList;
			buildConfigurations = (
				A1000036 /* Debug */,
				A1000037 /* Release */,
			);
			defaultConfigurationIsVisible = 0;
			defaultConfigurationName = Release;
		};
		A1000033 /* Build configuration list for PBXProject "Murmur" */ = {
			isa = XCConfigurationList;
			buildConfigurations = (
				A1000034 /* Debug */,
				A1000035 /* Release */,
			);
			defaultConfigurationIsVisible = 0;
			defaultConfigurationName = Release;
		};
/* End XCConfigurationList section */
	};
	rootObject = A1000032 /* Project object */;
}
